// !$*UTF8*$!
{
	archiveVersion = 1;
	classes = {
	};
	objectVersion = 55;
	objects = {

/* Begin PBXBuildFile section */
		B81B4E452860EC0D00543BD1 /* FruitDetailView.swift in Sources */ = {isa = PBXBuildFile; fileRef = B81B4E442860EC0D00543BD1 /* FruitDetailView.swift */; };
		B81B4E472860F5A100543BD1 /* FruitHeaderView.swift in Sources */ = {isa = PBXBuildFile; fileRef = B81B4E462860F5A100543BD1 /* FruitHeaderView.swift */; };
		B81B4E49286123CB00543BD1 /* SourceLinkView.swift in Sources */ = {isa = PBXBuildFile; fileRef = B81B4E48286123CB00543BD1 /* SourceLinkView.swift */; };
		B81B4E4B2861295000543BD1 /* FruitNutrientsView.swift in Sources */ = {isa = PBXBuildFile; fileRef = B81B4E4A2861295000543BD1 /* FruitNutrientsView.swift */; };
		B88C73EC28655D33003CC836 /* SettingsView.swift in Sources */ = {isa = PBXBuildFile; fileRef = B88C73EB28655D33003CC836 /* SettingsView.swift */; };
		B8A67CE5285FFD0E00C7FD41 /* FruitModel.swift in Sources */ = {isa = PBXBuildFile; fileRef = B8A67CE4285FFD0E00C7FD41 /* FruitModel.swift */; };
		B8A67CE8285FFDDF00C7FD41 /* FruitData.swift in Sources */ = {isa = PBXBuildFile; fileRef = B8A67CE7285FFDDF00C7FD41 /* FruitData.swift */; };
		B8AC5FEB285FF1910072079C /* StartButtonView.swift in Sources */ = {isa = PBXBuildFile; fileRef = B8AC5FEA285FF1910072079C /* StartButtonView.swift */; };
		B8AC5FED285FF8EE0072079C /* OnboardingView.swift in Sources */ = {isa = PBXBuildFile; fileRef = B8AC5FEC285FF8EE0072079C /* OnboardingView.swift */; };
		B8B5E263285FBA2E00A35BA0 /* FruitsApp.swift in Sources */ = {isa = PBXBuildFile; fileRef = B8B5E262285FBA2E00A35BA0 /* FruitsApp.swift */; };
		B8B5E265285FBA2E00A35BA0 /* ContentView.swift in Sources */ = {isa = PBXBuildFile; fileRef = B8B5E264285FBA2E00A35BA0 /* ContentView.swift */; };
		B8B5E267285FBA3100A35BA0 /* Assets.xcassets in Resources */ = {isa = PBXBuildFile; fileRef = B8B5E266285FBA3100A35BA0 /* Assets.xcassets */; };
		B8B5E26A285FBA3100A35BA0 /* Preview Assets.xcassets in Resources */ = {isa = PBXBuildFile; fileRef = B8B5E269285FBA3100A35BA0 /* Preview Assets.xcassets */; };
		B8B5E273285FBD1300A35BA0 /* FruitCardView.swift in Sources */ = {isa = PBXBuildFile; fileRef = B8B5E272285FBD1300A35BA0 /* FruitCardView.swift */; };
		B8D0C8C52860E4AA008A566F /* FruitRowView.swift in Sources */ = {isa = PBXBuildFile; fileRef = B8D0C8C42860E4AA008A566F /* FruitRowView.swift */; };
/* End PBXBuildFile section */

/* Begin PBXFileReference section */
		B81B4E442860EC0D00543BD1 /* FruitDetailView.swift */ = {isa = PBXFileReference; lastKnownFileType = sourcecode.swift; path = FruitDetailView.swift; sourceTree = "<group>"; };
		B81B4E462860F5A100543BD1 /* FruitHeaderView.swift */ = {isa = PBXFileReference; lastKnownFileType = sourcecode.swift; path = FruitHeaderView.swift; sourceTree = "<group>"; };
		B81B4E48286123CB00543BD1 /* SourceLinkView.swift */ = {isa = PBXFileReference; lastKnownFileType = sourcecode.swift; path = SourceLinkView.swift; sourceTree = "<group>"; };
		B81B4E4A2861295000543BD1 /* FruitNutrientsView.swift */ = {isa = PBXFileReference; lastKnownFileType = sourcecode.swift; path = FruitNutrientsView.swift; sourceTree = "<group>"; };
		B88C73EB28655D33003CC836 /* SettingsView.swift */ = {isa = PBXFileReference; lastKnownFileType = sourcecode.swift; path = SettingsView.swift; sourceTree = "<group>"; };
		B8A67CE4285FFD0E00C7FD41 /* FruitModel.swift */ = {isa = PBXFileReference; lastKnownFileType = sourcecode.swift; path = FruitModel.swift; sourceTree = "<group>"; };
		B8A67CE7285FFDDF00C7FD41 /* FruitData.swift */ = {isa = PBXFileReference; lastKnownFileType = sourcecode.swift; path = FruitData.swift; sourceTree = "<group>"; };
		B8AC5FEA285FF1910072079C /* StartButtonView.swift */ = {isa = PBXFileReference; lastKnownFileType = sourcecode.swift; path = StartButtonView.swift; sourceTree = "<group>"; };
		B8AC5FEC285FF8EE0072079C /* OnboardingView.swift */ = {isa = PBXFileReference; lastKnownFileType = sourcecode.swift; path = OnboardingView.swift; sourceTree = "<group>"; };
		B8B5E25F285FBA2E00A35BA0 /* Fruits.app */ = {isa = PBXFileReference; explicitFileType = wrapper.application; includeInIndex = 0; path = Fruits.app; sourceTree = BUILT_PRODUCTS_DIR; };
		B8B5E262285FBA2E00A35BA0 /* FruitsApp.swift */ = {isa = PBXFileReference; lastKnownFileType = sourcecode.swift; path = FruitsApp.swift; sourceTree = "<group>"; };
		B8B5E264285FBA2E00A35BA0 /* ContentView.swift */ = {isa = PBXFileReference; lastKnownFileType = sourcecode.swift; path = ContentView.swift; sourceTree = "<group>"; };
		B8B5E266285FBA3100A35BA0 /* Assets.xcassets */ = {isa = PBXFileReference; lastKnownFileType = folder.assetcatalog; path = Assets.xcassets; sourceTree = "<group>"; };
		B8B5E269285FBA3100A35BA0 /* Preview Assets.xcassets */ = {isa = PBXFileReference; lastKnownFileType = folder.assetcatalog; path = "Preview Assets.xcassets"; sourceTree = "<group>"; };
		B8B5E272285FBD1300A35BA0 /* FruitCardView.swift */ = {isa = PBXFileReference; lastKnownFileType = sourcecode.swift; path = FruitCardView.swift; sourceTree = "<group>"; };
		B8D0C8C42860E4AA008A566F /* FruitRowView.swift */ = {isa = PBXFileReference; lastKnownFileType = sourcecode.swift; path = FruitRowView.swift; sourceTree = "<group>"; };
/* End PBXFileReference section */

/* Begin PBXFrameworksBuildPhase section */
		B8B5E25C285FBA2E00A35BA0 /* Frameworks */ = {
			isa = PBXFrameworksBuildPhase;
			buildActionMask = 2147483647;
			files = (
			);
			runOnlyForDeploymentPostprocessing = 0;
		};
/* End PBXFrameworksBuildPhase section */

/* Begin PBXGroup section */
		B8A67CE3285FFB6400C7FD41 /* Model */ = {
			isa = PBXGroup;
			children = (
				B8A67CE4285FFD0E00C7FD41 /* FruitModel.swift */,
			);
			path = Model;
			sourceTree = "<group>";
		};
		B8A67CE6285FFDD000C7FD41 /* Data */ = {
			isa = PBXGroup;
			children = (
				B8A67CE7285FFDDF00C7FD41 /* FruitData.swift */,
			);
			path = Data;
			sourceTree = "<group>";
		};
		B8B5E256285FBA2E00A35BA0 = {
			isa = PBXGroup;
			children = (
				B8B5E261285FBA2E00A35BA0 /* Fruits */,
				B8B5E260285FBA2E00A35BA0 /* Products */,
			);
			sourceTree = "<group>";
		};
		B8B5E260285FBA2E00A35BA0 /* Products */ = {
			isa = PBXGroup;
			children = (
				B8B5E25F285FBA2E00A35BA0 /* Fruits.app */,
			);
			name = Products;
			sourceTree = "<group>";
		};
		B8B5E261285FBA2E00A35BA0 /* Fruits */ = {
			isa = PBXGroup;
			children = (
				B8A67CE6285FFDD000C7FD41 /* Data */,
				B8A67CE3285FFB6400C7FD41 /* Model */,
				B8B5E271285FBCE600A35BA0 /* View */,
				B8B5E270285FBCBB00A35BA0 /* App */,
				B8B5E266285FBA3100A35BA0 /* Assets.xcassets */,
				B8B5E268285FBA3100A35BA0 /* Preview Content */,
			);
			path = Fruits;
			sourceTree = "<group>";
		};
		B8B5E268285FBA3100A35BA0 /* Preview Content */ = {
			isa = PBXGroup;
			children = (
				B8B5E269285FBA3100A35BA0 /* Preview Assets.xcassets */,
			);
			path = "Preview Content";
			sourceTree = "<group>";
		};
		B8B5E270285FBCBB00A35BA0 /* App */ = {
			isa = PBXGroup;
			children = (
				B8B5E262285FBA2E00A35BA0 /* FruitsApp.swift */,
				B8B5E264285FBA2E00A35BA0 /* ContentView.swift */,
				B8AC5FEC285FF8EE0072079C /* OnboardingView.swift */,
				B81B4E442860EC0D00543BD1 /* FruitDetailView.swift */,
				B88C73EB28655D33003CC836 /* SettingsView.swift */,
			);
			path = App;
			sourceTree = "<group>";
		};
		B8B5E271285FBCE600A35BA0 /* View */ = {
			isa = PBXGroup;
			children = (
				B8B5E272285FBD1300A35BA0 /* FruitCardView.swift */,
				B8AC5FEA285FF1910072079C /* StartButtonView.swift */,
				B8D0C8C42860E4AA008A566F /* FruitRowView.swift */,
				B81B4E462860F5A100543BD1 /* FruitHeaderView.swift */,
				B81B4E48286123CB00543BD1 /* SourceLinkView.swift */,
				B81B4E4A2861295000543BD1 /* FruitNutrientsView.swift */,
			);
			path = View;
			sourceTree = "<group>";
		};
/* End PBXGroup section */

/* Begin PBXNativeTarget section */
		B8B5E25E285FBA2E00A35BA0 /* Fruits */ = {
			isa = PBXNativeTarget;
			buildConfigurationList = B8B5E26D285FBA3100A35BA0 /* Build configuration list for PBXNativeTarget "Fruits" */;
			buildPhases = (
				B8B5E25B285FBA2E00A35BA0 /* Sources */,
				B8B5E25C285FBA2E00A35BA0 /* Frameworks */,
				B8B5E25D285FBA2E00A35BA0 /* Resources */,
			);
			buildRules = (
			);
			dependencies = (
			);
			name = Fruits;
			productName = Fruits;
			productReference = B8B5E25F285FBA2E00A35BA0 /* Fruits.app */;
			productType = "com.apple.product-type.application";
		};
/* End PBXNativeTarget section */

/* Begin PBXProject section */
		B8B5E257285FBA2E00A35BA0 /* Project object */ = {
			isa = PBXProject;
			attributes = {
				BuildIndependentTargetsInParallel = 1;
				LastSwiftUpdateCheck = 1340;
				LastUpgradeCheck = 1340;
				TargetAttributes = {
					B8B5E25E285FBA2E00A35BA0 = {
						CreatedOnToolsVersion = 13.4.1;
					};
				};
			};
			buildConfigurationList = B8B5E25A285FBA2E00A35BA0 /* Build configuration list for PBXProject "Fruits" */;
			compatibilityVersion = "Xcode 13.0";
			developmentRegion = en;
			hasScannedForEncodings = 0;
			knownRegions = (
				en,
				Base,
			);
			mainGroup = B8B5E256285FBA2E00A35BA0;
			productRefGroup = B8B5E260285FBA2E00A35BA0 /* Products */;
			projectDirPath = "";
			projectRoot = "";
			targets = (
				B8B5E25E285FBA2E00A35BA0 /* Fruits */,
			);
		};
/* End PBXProject section */

/* Begin PBXResourcesBuildPhase section */
		B8B5E25D285FBA2E00A35BA0 /* Resources */ = {
			isa = PBXResourcesBuildPhase;
			buildActionMask = 2147483647;
			files = (
				B8B5E26A285FBA3100A35BA0 /* Preview Assets.xcassets in Resources */,
				B8B5E267285FBA3100A35BA0 /* Assets.xcassets in Resources */,
			);
			runOnlyForDeploymentPostprocessing = 0;
		};
/* End PBXResourcesBuildPhase section */

/* Begin PBXSourcesBuildPhase section */
		B8B5E25B285FBA2E00A35BA0 /* Sources */ = {
			isa = PBXSourcesBuildPhase;
			buildActionMask = 2147483647;
			files = (
				B8A67CE8285FFDDF00C7FD41 /* FruitData.swift in Sources */,
				B81B4E49286123CB00543BD1 /* SourceLinkView.swift in Sources */,
				B8B5E273285FBD1300A35BA0 /* FruitCardView.swift in Sources */,
				B8D0C8C52860E4AA008A566F /* FruitRowView.swift in Sources */,
				B81B4E4B2861295000543BD1 /* FruitNutrientsView.swift in Sources */,
				B8AC5FEB285FF1910072079C /* StartButtonView.swift in Sources */,
				B81B4E452860EC0D00543BD1 /* FruitDetailView.swift in Sources */,
				B8B5E265285FBA2E00A35BA0 /* ContentView.swift in Sources */,
				B81B4E472860F5A100543BD1 /* FruitHeaderView.swift in Sources */,
				B8AC5FED285FF8EE0072079C /* OnboardingView.swift in Sources */,
				B8A67CE5285FFD0E00C7FD41 /* FruitModel.swift in Sources */,
				B8B5E263285FBA2E00A35BA0 /* FruitsApp.swift in Sources */,
				B88C73EC28655D33003CC836 /* SettingsView.swift in Sources */,
			);
			runOnlyForDeploymentPostprocessing = 0;
		};
/* End PBXSourcesBuildPhase section */

/* Begin XCBuildConfiguration section */
		B8B5E26B285FBA3100A35BA0 /* Debug */ = {
			isa = XCBuildConfiguration;
			buildSettings = {
				ALWAYS_SEARCH_USER_PATHS = NO;
				CLANG_ANALYZER_NONNULL = YES;
				CLANG_ANALYZER_NUMBER_OBJECT_CONVERSION = YES_AGGRESSIVE;
				CLANG_CXX_LANGUAGE_STANDARD = "gnu++17";
				CLANG_ENABLE_MODULES = YES;
				CLANG_ENABLE_OBJC_ARC = YES;
				CLANG_ENABLE_OBJC_WEAK = YES;
				CLANG_WARN_BLOCK_CAPTURE_AUTORELEASING = YES;
				CLANG_WARN_BOOL_CONVERSION = YES;
				CLANG_WARN_COMMA = YES;
				CLANG_WARN_CONSTANT_CONVERSION = YES;
				CLANG_WARN_DEPRECATED_OBJC_IMPLEMENTATIONS = YES;
				CLANG_WARN_DIRECT_OBJC_ISA_USAGE = YES_ERROR;
				CLANG_WARN_DOCUMENTATION_COMMENTS = YES;
				CLANG_WARN_EMPTY_BODY = YES;
				CLANG_WARN_ENUM_CONVERSION = YES;
				CLANG_WARN_INFINITE_RECURSION = YES;
				CLANG_WARN_INT_CONVERSION = YES;
				CLANG_WARN_NON_LITERAL_NULL_CONVERSION = YES;
				CLANG_WARN_OBJC_IMPLICIT_RETAIN_SELF = YES;
				CLANG_WARN_OBJC_LITERAL_CONVERSION = YES;
				CLANG_WARN_OBJC_ROOT_CLASS = YES_ERROR;
				CLANG_WARN_QUOTED_INCLUDE_IN_FRAMEWORK_HEADER = YES;
				CLANG_WARN_RANGE_LOOP_ANALYSIS = YES;
				CLANG_WARN_STRICT_PROTOTYPES = YES;
				CLANG_WARN_SUSPICIOUS_MOVE = YES;
				CLANG_WARN_UNGUARDED_AVAILABILITY = YES_AGGRESSIVE;
				CLANG_WARN_UNREACHABLE_CODE = YES;
				CLANG_WARN__DUPLICATE_METHOD_MATCH = YES;
				COPY_PHASE_STRIP = NO;
				DEBUG_INFORMATION_FORMAT = dwarf;
				ENABLE_STRICT_OBJC_MSGSEND = YES;
				ENABLE_TESTABILITY = YES;
				GCC_C_LANGUAGE_STANDARD = gnu11;
				GCC_DYNAMIC_NO_PIC = NO;
				GCC_NO_COMMON_BLOCKS = YES;
				GCC_OPTIMIZATION_LEVEL = 0;
				GCC_PREPROCESSOR_DEFINITIONS = (
					"DEBUG=1",
					"$(inherited)",
				);
				GCC_WARN_64_TO_32_BIT_CONVERSION = YES;
				GCC_WARN_ABOUT_RETURN_TYPE = YES_ERROR;
				GCC_WARN_UNDECLARED_SELECTOR = YES;
				GCC_WARN_UNINITIALIZED_AUTOS = YES_AGGRESSIVE;
				GCC_WARN_UNUSED_FUNCTION = YES;
				GCC_WARN_UNUSED_VARIABLE = YES;
				IPHONEOS_DEPLOYMENT_TARGET = 15.5;
				MTL_ENABLE_DEBUG_INFO = INCLUDE_SOURCE;
				MTL_FAST_MATH = YES;
				ONLY_ACTIVE_ARCH = YES;
				SDKROOT = iphoneos;
				SWIFT_ACTIVE_COMPILATION_CONDITIONS = DEBUG;
				SWIFT_OPTIMIZATION_LEVEL = "-Onone";
			};
			name = Debug;
		};
		B8B5E26C285FBA3100A35BA0 /* Release */ = {
			isa = XCBuildConfiguration;
			buildSettings = {
				ALWAYS_SEARCH_USER_PATHS = NO;
				CLANG_ANALYZER_NONNULL = YES;
				CLANG_ANALYZER_NUMBER_OBJECT_CONVERSION = YES_AGGRESSIVE;
				CLANG_CXX_LANGUAGE_STANDARD = "gnu++17";
				CLANG_ENABLE_MODULES = YES;
				CLANG_ENABLE_OBJC_ARC = YES;
				CLANG_ENABLE_OBJC_WEAK = YES;
				CLANG_WARN_BLOCK_CAPTURE_AUTORELEASING = YES;
				CLANG_WARN_BOOL_CONVERSION = YES;
				CLANG_WARN_COMMA = YES;
				CLANG_WARN_CONSTANT_CONVERSION = YES;
				CLANG_WARN_DEPRECATED_OBJC_IMPLEMENTATIONS = YES;
				CLANG_WARN_DIRECT_OBJC_ISA_USAGE = YES_ERROR;
				CLANG_WARN_DOCUMENTATION_COMMENTS = YES;
				CLANG_WARN_EMPTY_BODY = YES;
				CLANG_WARN_ENUM_CONVERSION = YES;
				CLANG_WARN_INFINITE_RECURSION = YES;
				CLANG_WARN_INT_CONVERSION = YES;
				CLANG_WARN_NON_LITERAL_NULL_CONVERSION = YES;
				CLANG_WARN_OBJC_IMPLICIT_RETAIN_SELF = YES;
				CLANG_WARN_OBJC_LITERAL_CONVERSION = YES;
				CLANG_WARN_OBJC_ROOT_CLASS = YES_ERROR;
				CLANG_WARN_QUOTED_INCLUDE_IN_FRAMEWORK_HEADER = YES;
				CLANG_WARN_RANGE_LOOP_ANALYSIS = YES;
				CLANG_WARN_STRICT_PROTOTYPES = YES;
				CLANG_WARN_SUSPICIOUS_MOVE = YES;
				CLANG_WARN_UNGUARDED_AVAILABILITY = YES_AGGRESSIVE;
				CLANG_WARN_UNREACHABLE_CODE = YES;
				CLANG_WARN__DUPLICATE_METHOD_MATCH = YES;
				COPY_PHASE_STRIP = NO;
				DEBUG_INFORMATION_FORMAT = "dwarf-with-dsym";
				ENABLE_NS_ASSERTIONS = NO;
				ENABLE_STRICT_OBJC_MSGSEND = YES;
				GCC_C_LANGUAGE_STANDARD = gnu11;
				GCC_NO_COMMON_BLOCKS = YES;
				GCC_WARN_64_TO_32_BIT_CONVERSION = YES;
				GCC_WARN_ABOUT_RETURN_TYPE = YES_ERROR;
				GCC_WARN_UNDECLARED_SELECTOR = YES;
				GCC_WARN_UNINITIALIZED_AUTOS = YES_AGGRESSIVE;
				GCC_WARN_UNUSED_FUNCTION = YES;
				GCC_WARN_UNUSED_VARIABLE = YES;
				IPHONEOS_DEPLOYMENT_TARGET = 15.5;
				MTL_ENABLE_DEBUG_INFO = NO;
				MTL_FAST_MATH = YES;
				SDKROOT = iphoneos;
				SWIFT_COMPILATION_MODE = wholemodule;
				SWIFT_OPTIMIZATION_LEVEL = "-O";
				VALIDATE_PRODUCT = YES;
			};
			name = Release;
		};
		B8B5E26E285FBA3100A35BA0 /* Debug */ = {
			isa = XCBuildConfiguration;
			buildSettings = {
				ASSETCATALOG_COMPILER_APPICON_NAME = AppIcon;
				ASSETCATALOG_COMPILER_GLOBAL_ACCENT_COLOR_NAME = AccentColor;
				CODE_SIGN_STYLE = Automatic;
				CURRENT_PROJECT_VERSION = 1;
				DEVELOPMENT_ASSET_PATHS = "\"Fruits/Preview Content\"";
				DEVELOPMENT_TEAM = BYK3FT7TFH;
				ENABLE_PREVIEWS = YES;
				GENERATE_INFOPLIST_FILE = YES;
				INFOPLIST_KEY_UIApplicationSceneManifest_Generation = YES;
				INFOPLIST_KEY_UIApplicationSupportsIndirectInputEvents = YES;
				INFOPLIST_KEY_UILaunchScreen_Generation = YES;
				INFOPLIST_KEY_UISupportedInterfaceOrientations_iPad = "UIInterfaceOrientationPortrait UIInterfaceOrientationPortraitUpsideDown UIInterfaceOrientationLandscapeLeft UIInterfaceOrientationLandscapeRight";
				INFOPLIST_KEY_UISupportedInterfaceOrientations_iPhone = "UIInterfaceOrientationPortrait UIInterfaceOrientationLandscapeLeft UIInterfaceOrientationLandscapeRight";
				LD_RUNPATH_SEARCH_PATHS = (
					"$(inherited)",
					"@executable_path/Frameworks",
				);
				MARKETING_VERSION = 1.0;
				PRODUCT_BUNDLE_IDENTIFIER = com.balice.Fruits;
				PRODUCT_NAME = "$(TARGET_NAME)";
				SWIFT_EMIT_LOC_STRINGS = YES;
				SWIFT_VERSION = 5.0;
				TARGETED_DEVICE_FAMILY = "1,2";
			};
			name = Debug;
		};
		B8B5E26F285FBA3100A35BA0 /* Release */ = {
			isa = XCBuildConfiguration;
			buildSettings = {
				ASSETCATALOG_COMPILER_APPICON_NAME = AppIcon;
				ASSETCATALOG_COMPILER_GLOBAL_ACCENT_COLOR_NAME = AccentColor;
				CODE_SIGN_STYLE = Automatic;
				CURRENT_PROJECT_VERSION = 1;
				DEVELOPMENT_ASSET_PATHS = "\"Fruits/Preview Content\"";
				DEVELOPMENT_TEAM = BYK3FT7TFH;
				ENABLE_PREVIEWS = YES;
				GENERATE_INFOPLIST_FILE = YES;
				INFOPLIST_KEY_UIApplicationSceneManifest_Generation = YES;
				INFOPLIST_KEY_UIApplicationSupportsIndirectInputEvents = YES;
				INFOPLIST_KEY_UILaunchScreen_Generation = YES;
				INFOPLIST_KEY_UISupportedInterfaceOrientations_iPad = "UIInterfaceOrientationPortrait UIInterfaceOrientationPortraitUpsideDown UIInterfaceOrientationLandscapeLeft UIInterfaceOrientationLandscapeRight";
				INFOPLIST_KEY_UISupportedInterfaceOrientations_iPhone = "UIInterfaceOrientationPortrait UIInterfaceOrientationLandscapeLeft UIInterfaceOrientationLandscapeRight";
				LD_RUNPATH_SEARCH_PATHS = (
					"$(inherited)",
					"@executable_path/Frameworks",
				);
				MARKETING_VERSION = 1.0;
				PRODUCT_BUNDLE_IDENTIFIER = com.balice.Fruits;
				PRODUCT_NAME = "$(TARGET_NAME)";
				SWIFT_EMIT_LOC_STRINGS = YES;
				SWIFT_VERSION = 5.0;
				TARGETED_DEVICE_FAMILY = "1,2";
			};
			name = Release;
		};
/* End XCBuildConfiguration section */

/* Begin XCConfigurationList section */
		B8B5E25A285FBA2E00A35BA0 /* Build configuration list for PBXProject "Fruits" */ = {
			isa = XCConfigurationList;
			buildConfigurations = (
				B8B5E26B285FBA3100A35BA0 /* Debug */,
				B8B5E26C285FBA3100A35BA0 /* Release */,
			);
			defaultConfigurationIsVisible = 0;
			defaultConfigurationName = Release;
		};
		B8B5E26D285FBA3100A35BA0 /* Build configuration list for PBXNativeTarget "Fruits" */ = {
			isa = XCConfigurationList;
			buildConfigurations = (
				B8B5E26E285FBA3100A35BA0 /* Debug */,
				B8B5E26F285FBA3100A35BA0 /* Release */,
			);
			defaultConfigurationIsVisible = 0;
			defaultConfigurationName = Release;
		};
/* End XCConfigurationList section */
	};
	rootObject = B8B5E257285FBA2E00A35BA0 /* Project object */;
}
