// !$*UTF8*$!
{
	archiveVersion = 1;
	classes = {
	};
	objectVersion = 55;
	objects = {

/* Begin PBXBuildFile section */
		B81920A228B2EA7F004E7AE9 /* PlayerModel.swift in Sources */ = {isa = PBXBuildFile; fileRef = B81920A128B2EA7F004E7AE9 /* PlayerModel.swift */; };
		B81920A428B2EABA004E7AE9 /* CodableBundleExtension.swift in Sources */ = {isa = PBXBuildFile; fileRef = B81920A328B2EABA004E7AE9 /* CodableBundleExtension.swift */; };
		B81920A628B2EBC6004E7AE9 /* FeaturedItemView.swift in Sources */ = {isa = PBXBuildFile; fileRef = B81920A528B2EBC6004E7AE9 /* FeaturedItemView.swift */; };
		B81920A828B2EC48004E7AE9 /* FeaturedTabView.swift in Sources */ = {isa = PBXBuildFile; fileRef = B81920A728B2EC48004E7AE9 /* FeaturedTabView.swift */; };
		B835D86128C2955A00926A43 /* NavigationBarDetailView.swift in Sources */ = {isa = PBXBuildFile; fileRef = B835D86028C2955A00926A43 /* NavigationBarDetailView.swift */; };
		B835D86328C296A800926A43 /* HeaderDetailView.swift in Sources */ = {isa = PBXBuildFile; fileRef = B835D86228C296A800926A43 /* HeaderDetailView.swift */; };
		B85A6D8228C827E6006ABF9C /* RatingsSizesDetailView.swift in Sources */ = {isa = PBXBuildFile; fileRef = B85A6D8128C827E6006ABF9C /* RatingsSizesDetailView.swift */; };
		B85A6D8428C829EF006ABF9C /* QuantityFavouriteDetailView.swift in Sources */ = {isa = PBXBuildFile; fileRef = B85A6D8328C829EF006ABF9C /* QuantityFavouriteDetailView.swift */; };
		B85A6D8628C82B32006ABF9C /* AddToCartDetailView.swift in Sources */ = {isa = PBXBuildFile; fileRef = B85A6D8528C82B32006ABF9C /* AddToCartDetailView.swift */; };
		B85E10C028C2E9B20069563B /* TopPartDetailView.swift in Sources */ = {isa = PBXBuildFile; fileRef = B85E10BF28C2E9B20069563B /* TopPartDetailView.swift */; };
		B85E10C228C2EF2A0069563B /* CustomShape.swift in Sources */ = {isa = PBXBuildFile; fileRef = B85E10C128C2EF2A0069563B /* CustomShape.swift */; };
		B861AABE28C1D988001B1EAF /* ProductDetailView.swift in Sources */ = {isa = PBXBuildFile; fileRef = B861AABD28C1D988001B1EAF /* ProductDetailView.swift */; };
		B891A6DB28C181B300A96CCA /* BrandModel.swift in Sources */ = {isa = PBXBuildFile; fileRef = B891A6DA28C181B300A96CCA /* BrandModel.swift */; };
		B891A6DD28C1820C00A96CCA /* BrandItemView.swift in Sources */ = {isa = PBXBuildFile; fileRef = B891A6DC28C1820C00A96CCA /* BrandItemView.swift */; };
		B891A6DF28C1828A00A96CCA /* BrandGridView.swift in Sources */ = {isa = PBXBuildFile; fileRef = B891A6DE28C1828900A96CCA /* BrandGridView.swift */; };
		B8B2441828B1926500C802C8 /* TouchdownApp.swift in Sources */ = {isa = PBXBuildFile; fileRef = B8B2441728B1926500C802C8 /* TouchdownApp.swift */; };
		B8B2441A28B1926500C802C8 /* ContentView.swift in Sources */ = {isa = PBXBuildFile; fileRef = B8B2441928B1926500C802C8 /* ContentView.swift */; };
		B8B2441C28B1926800C802C8 /* Assets.xcassets in Resources */ = {isa = PBXBuildFile; fileRef = B8B2441B28B1926800C802C8 /* Assets.xcassets */; };
		B8B2441F28B1926800C802C8 /* Preview Assets.xcassets in Resources */ = {isa = PBXBuildFile; fileRef = B8B2441E28B1926800C802C8 /* Preview Assets.xcassets */; };
		B8B2442928B193C900C802C8 /* category.json in Resources */ = {isa = PBXBuildFile; fileRef = B8B2442528B193C900C802C8 /* category.json */; };
		B8B2442A28B193C900C802C8 /* product.json in Resources */ = {isa = PBXBuildFile; fileRef = B8B2442628B193C900C802C8 /* product.json */; };
		B8B2442B28B193C900C802C8 /* brand.json in Resources */ = {isa = PBXBuildFile; fileRef = B8B2442728B193C900C802C8 /* brand.json */; };
		B8B2442C28B193C900C802C8 /* player.json in Resources */ = {isa = PBXBuildFile; fileRef = B8B2442828B193C900C802C8 /* player.json */; };
		B8B2443728B1954D00C802C8 /* Constants.swift in Sources */ = {isa = PBXBuildFile; fileRef = B8B2443628B1954D00C802C8 /* Constants.swift */; };
		B8B2443928B1960900C802C8 /* FooterView.swift in Sources */ = {isa = PBXBuildFile; fileRef = B8B2443828B1960900C802C8 /* FooterView.swift */; };
		B8B2443B28B19ABB00C802C8 /* NavigationBarView.swift in Sources */ = {isa = PBXBuildFile; fileRef = B8B2443A28B19ABB00C802C8 /* NavigationBarView.swift */; };
		B8B2443D28B1CB2100C802C8 /* LogoView.swift in Sources */ = {isa = PBXBuildFile; fileRef = B8B2443C28B1CB2100C802C8 /* LogoView.swift */; };
		B8C4AACF28BC4864009B0B2E /* CategoryModel.swift in Sources */ = {isa = PBXBuildFile; fileRef = B8C4AACE28BC4864009B0B2E /* CategoryModel.swift */; };
		B8C4AAD128BC4942009B0B2E /* CategoryItemView.swift in Sources */ = {isa = PBXBuildFile; fileRef = B8C4AAD028BC4942009B0B2E /* CategoryItemView.swift */; };
		B8C4AAD328BC4AF3009B0B2E /* CategoryGridView.swift in Sources */ = {isa = PBXBuildFile; fileRef = B8C4AAD228BC4AF3009B0B2E /* CategoryGridView.swift */; };
		B8C8B9B128BEC89E007D7ADD /* SectionView.swift in Sources */ = {isa = PBXBuildFile; fileRef = B8C8B9B028BEC89E007D7ADD /* SectionView.swift */; };
		B8C8B9B328BF2FB1007D7ADD /* TitleView.swift in Sources */ = {isa = PBXBuildFile; fileRef = B8C8B9B228BF2FB1007D7ADD /* TitleView.swift */; };
		B8C8B9B528BF30FB007D7ADD /* ProductModel.swift in Sources */ = {isa = PBXBuildFile; fileRef = B8C8B9B428BF30FB007D7ADD /* ProductModel.swift */; };
		B8C8B9B728BF329B007D7ADD /* ProductItemView.swift in Sources */ = {isa = PBXBuildFile; fileRef = B8C8B9B628BF329B007D7ADD /* ProductItemView.swift */; };
/* End PBXBuildFile section */

/* Begin PBXFileReference section */
		B81920A128B2EA7F004E7AE9 /* PlayerModel.swift */ = {isa = PBXFileReference; lastKnownFileType = sourcecode.swift; path = PlayerModel.swift; sourceTree = "<group>"; };
		B81920A328B2EABA004E7AE9 /* CodableBundleExtension.swift */ = {isa = PBXFileReference; lastKnownFileType = sourcecode.swift; path = CodableBundleExtension.swift; sourceTree = "<group>"; };
		B81920A528B2EBC6004E7AE9 /* FeaturedItemView.swift */ = {isa = PBXFileReference; lastKnownFileType = sourcecode.swift; path = FeaturedItemView.swift; sourceTree = "<group>"; };
		B81920A728B2EC48004E7AE9 /* FeaturedTabView.swift */ = {isa = PBXFileReference; lastKnownFileType = sourcecode.swift; path = FeaturedTabView.swift; sourceTree = "<group>"; };
		B835D86028C2955A00926A43 /* NavigationBarDetailView.swift */ = {isa = PBXFileReference; lastKnownFileType = sourcecode.swift; path = NavigationBarDetailView.swift; sourceTree = "<group>"; };
		B835D86228C296A800926A43 /* HeaderDetailView.swift */ = {isa = PBXFileReference; lastKnownFileType = sourcecode.swift; path = HeaderDetailView.swift; sourceTree = "<group>"; };
		B85A6D8128C827E6006ABF9C /* RatingsSizesDetailView.swift */ = {isa = PBXFileReference; lastKnownFileType = sourcecode.swift; path = RatingsSizesDetailView.swift; sourceTree = "<group>"; };
		B85A6D8328C829EF006ABF9C /* QuantityFavouriteDetailView.swift */ = {isa = PBXFileReference; lastKnownFileType = sourcecode.swift; path = QuantityFavouriteDetailView.swift; sourceTree = "<group>"; };
		B85A6D8528C82B32006ABF9C /* AddToCartDetailView.swift */ = {isa = PBXFileReference; lastKnownFileType = sourcecode.swift; path = AddToCartDetailView.swift; sourceTree = "<group>"; };
		B85E10BF28C2E9B20069563B /* TopPartDetailView.swift */ = {isa = PBXFileReference; lastKnownFileType = sourcecode.swift; path = TopPartDetailView.swift; sourceTree = "<group>"; };
		B85E10C128C2EF2A0069563B /* CustomShape.swift */ = {isa = PBXFileReference; lastKnownFileType = sourcecode.swift; path = CustomShape.swift; sourceTree = "<group>"; };
		B861AABD28C1D988001B1EAF /* ProductDetailView.swift */ = {isa = PBXFileReference; lastKnownFileType = sourcecode.swift; path = ProductDetailView.swift; sourceTree = "<group>"; };
		B891A6DA28C181B300A96CCA /* BrandModel.swift */ = {isa = PBXFileReference; lastKnownFileType = sourcecode.swift; path = BrandModel.swift; sourceTree = "<group>"; };
		B891A6DC28C1820C00A96CCA /* BrandItemView.swift */ = {isa = PBXFileReference; lastKnownFileType = sourcecode.swift; path = BrandItemView.swift; sourceTree = "<group>"; };
		B891A6DE28C1828900A96CCA /* BrandGridView.swift */ = {isa = PBXFileReference; lastKnownFileType = sourcecode.swift; path = BrandGridView.swift; sourceTree = "<group>"; };
		B8B2441428B1926500C802C8 /* Touchdown.app */ = {isa = PBXFileReference; explicitFileType = wrapper.application; includeInIndex = 0; path = Touchdown.app; sourceTree = BUILT_PRODUCTS_DIR; };
		B8B2441728B1926500C802C8 /* TouchdownApp.swift */ = {isa = PBXFileReference; lastKnownFileType = sourcecode.swift; path = TouchdownApp.swift; sourceTree = "<group>"; };
		B8B2441928B1926500C802C8 /* ContentView.swift */ = {isa = PBXFileReference; lastKnownFileType = sourcecode.swift; path = ContentView.swift; sourceTree = "<group>"; };
		B8B2441B28B1926800C802C8 /* Assets.xcassets */ = {isa = PBXFileReference; lastKnownFileType = folder.assetcatalog; path = Assets.xcassets; sourceTree = "<group>"; };
		B8B2441E28B1926800C802C8 /* Preview Assets.xcassets */ = {isa = PBXFileReference; lastKnownFileType = folder.assetcatalog; path = "Preview Assets.xcassets"; sourceTree = "<group>"; };
		B8B2442528B193C900C802C8 /* category.json */ = {isa = PBXFileReference; fileEncoding = 4; lastKnownFileType = text.json; path = category.json; sourceTree = "<group>"; };
		B8B2442628B193C900C802C8 /* product.json */ = {isa = PBXFileReference; fileEncoding = 4; lastKnownFileType = text.json; path = product.json; sourceTree = "<group>"; };
		B8B2442728B193C900C802C8 /* brand.json */ = {isa = PBXFileReference; fileEncoding = 4; lastKnownFileType = text.json; path = brand.json; sourceTree = "<group>"; };
		B8B2442828B193C900C802C8 /* player.json */ = {isa = PBXFileReference; fileEncoding = 4; lastKnownFileType = text.json; path = player.json; sourceTree = "<group>"; };
		B8B2442E28B1941B00C802C8 /* Info.plist */ = {isa = PBXFileReference; lastKnownFileType = text.plist; path = Info.plist; sourceTree = "<group>"; };
		B8B2443628B1954D00C802C8 /* Constants.swift */ = {isa = PBXFileReference; lastKnownFileType = sourcecode.swift; path = Constants.swift; sourceTree = "<group>"; };
		B8B2443828B1960900C802C8 /* FooterView.swift */ = {isa = PBXFileReference; lastKnownFileType = sourcecode.swift; path = FooterView.swift; sourceTree = "<group>"; };
		B8B2443A28B19ABB00C802C8 /* NavigationBarView.swift */ = {isa = PBXFileReference; lastKnownFileType = sourcecode.swift; path = NavigationBarView.swift; sourceTree = "<group>"; };
		B8B2443C28B1CB2100C802C8 /* LogoView.swift */ = {isa = PBXFileReference; lastKnownFileType = sourcecode.swift; path = LogoView.swift; sourceTree = "<group>"; };
		B8C4AACE28BC4864009B0B2E /* CategoryModel.swift */ = {isa = PBXFileReference; lastKnownFileType = sourcecode.swift; path = CategoryModel.swift; sourceTree = "<group>"; };
		B8C4AAD028BC4942009B0B2E /* CategoryItemView.swift */ = {isa = PBXFileReference; lastKnownFileType = sourcecode.swift; path = CategoryItemView.swift; sourceTree = "<group>"; };
		B8C4AAD228BC4AF3009B0B2E /* CategoryGridView.swift */ = {isa = PBXFileReference; lastKnownFileType = sourcecode.swift; path = CategoryGridView.swift; sourceTree = "<group>"; };
		B8C8B9B028BEC89E007D7ADD /* SectionView.swift */ = {isa = PBXFileReference; lastKnownFileType = sourcecode.swift; path = SectionView.swift; sourceTree = "<group>"; };
		B8C8B9B228BF2FB1007D7ADD /* TitleView.swift */ = {isa = PBXFileReference; lastKnownFileType = sourcecode.swift; path = TitleView.swift; sourceTree = "<group>"; };
		B8C8B9B428BF30FB007D7ADD /* ProductModel.swift */ = {isa = PBXFileReference; lastKnownFileType = sourcecode.swift; path = ProductModel.swift; sourceTree = "<group>"; };
		B8C8B9B628BF329B007D7ADD /* ProductItemView.swift */ = {isa = PBXFileReference; lastKnownFileType = sourcecode.swift; path = ProductItemView.swift; sourceTree = "<group>"; };
/* End PBXFileReference section */

/* Begin PBXFrameworksBuildPhase section */
		B8B2441128B1926500C802C8 /* Frameworks */ = {
			isa = PBXFrameworksBuildPhase;
			buildActionMask = 2147483647;
			files = (
			);
			runOnlyForDeploymentPostprocessing = 0;
		};
/* End PBXFrameworksBuildPhase section */

/* Begin PBXGroup section */
		B8B2440B28B1926500C802C8 = {
			isa = PBXGroup;
			children = (
				B8B2441628B1926500C802C8 /* Touchdown */,
				B8B2441528B1926500C802C8 /* Products */,
			);
			sourceTree = "<group>";
		};
		B8B2441528B1926500C802C8 /* Products */ = {
			isa = PBXGroup;
			children = (
				B8B2441428B1926500C802C8 /* Touchdown.app */,
			);
			name = Products;
			sourceTree = "<group>";
		};
		B8B2441628B1926500C802C8 /* Touchdown */ = {
			isa = PBXGroup;
			children = (
				B8B2442F28B194ED00C802C8 /* App */,
				B8B2442D28B193E600C802C8 /* Data */,
				B8B2443428B1950800C802C8 /* Extension */,
				B8B2443328B1950400C802C8 /* Model */,
				B8B2443528B1950F00C802C8 /* Utility */,
				B8B2443028B194F300C802C8 /* View */,
				B8B2442E28B1941B00C802C8 /* Info.plist */,
				B8B2441B28B1926800C802C8 /* Assets.xcassets */,
				B8B2441D28B1926800C802C8 /* Preview Content */,
			);
			path = Touchdown;
			sourceTree = "<group>";
		};
		B8B2441D28B1926800C802C8 /* Preview Content */ = {
			isa = PBXGroup;
			children = (
				B8B2441E28B1926800C802C8 /* Preview Assets.xcassets */,
			);
			path = "Preview Content";
			sourceTree = "<group>";
		};
		B8B2442D28B193E600C802C8 /* Data */ = {
			isa = PBXGroup;
			children = (
				B8B2442728B193C900C802C8 /* brand.json */,
				B8B2442528B193C900C802C8 /* category.json */,
				B8B2442828B193C900C802C8 /* player.json */,
				B8B2442628B193C900C802C8 /* product.json */,
			);
			path = Data;
			sourceTree = "<group>";
		};
		B8B2442F28B194ED00C802C8 /* App */ = {
			isa = PBXGroup;
			children = (
				B8B2441728B1926500C802C8 /* TouchdownApp.swift */,
				B8B2441928B1926500C802C8 /* ContentView.swift */,
				B861AABD28C1D988001B1EAF /* ProductDetailView.swift */,
			);
			path = App;
			sourceTree = "<group>";
		};
		B8B2443028B194F300C802C8 /* View */ = {
			isa = PBXGroup;
			children = (
				B8B2443228B194FD00C802C8 /* Detail */,
				B8B2443128B194F900C802C8 /* Home */,
			);
			path = View;
			sourceTree = "<group>";
		};
		B8B2443128B194F900C802C8 /* Home */ = {
			isa = PBXGroup;
			children = (
				B8B2443828B1960900C802C8 /* FooterView.swift */,
				B8B2443A28B19ABB00C802C8 /* NavigationBarView.swift */,
				B8B2443C28B1CB2100C802C8 /* LogoView.swift */,
				B81920A528B2EBC6004E7AE9 /* FeaturedItemView.swift */,
				B81920A728B2EC48004E7AE9 /* FeaturedTabView.swift */,
				B8C4AAD028BC4942009B0B2E /* CategoryItemView.swift */,
				B8C4AAD228BC4AF3009B0B2E /* CategoryGridView.swift */,
				B8C8B9B028BEC89E007D7ADD /* SectionView.swift */,
				B8C8B9B228BF2FB1007D7ADD /* TitleView.swift */,
				B8C8B9B628BF329B007D7ADD /* ProductItemView.swift */,
				B891A6DC28C1820C00A96CCA /* BrandItemView.swift */,
				B891A6DE28C1828900A96CCA /* BrandGridView.swift */,
			);
			path = Home;
			sourceTree = "<group>";
		};
		B8B2443228B194FD00C802C8 /* Detail */ = {
			isa = PBXGroup;
			children = (
				B835D86028C2955A00926A43 /* NavigationBarDetailView.swift */,
				B835D86228C296A800926A43 /* HeaderDetailView.swift */,
				B85E10BF28C2E9B20069563B /* TopPartDetailView.swift */,
				B85A6D8128C827E6006ABF9C /* RatingsSizesDetailView.swift */,
				B85A6D8328C829EF006ABF9C /* QuantityFavouriteDetailView.swift */,
				B85A6D8528C82B32006ABF9C /* AddToCartDetailView.swift */,
			);
			path = Detail;
			sourceTree = "<group>";
		};
		B8B2443328B1950400C802C8 /* Model */ = {
			isa = PBXGroup;
			children = (
				B81920A128B2EA7F004E7AE9 /* PlayerModel.swift */,
				B8C4AACE28BC4864009B0B2E /* CategoryModel.swift */,
				B8C8B9B428BF30FB007D7ADD /* ProductModel.swift */,
				B891A6DA28C181B300A96CCA /* BrandModel.swift */,
			);
			path = Model;
			sourceTree = "<group>";
		};
		B8B2443428B1950800C802C8 /* Extension */ = {
			isa = PBXGroup;
			children = (
				B81920A328B2EABA004E7AE9 /* CodableBundleExtension.swift */,
			);
			path = Extension;
			sourceTree = "<group>";
		};
		B8B2443528B1950F00C802C8 /* Utility */ = {
			isa = PBXGroup;
			children = (
				B8B2443628B1954D00C802C8 /* Constants.swift */,
				B85E10C128C2EF2A0069563B /* CustomShape.swift */,
			);
			path = Utility;
			sourceTree = "<group>";
		};
/* End PBXGroup section */

/* Begin PBXNativeTarget section */
		B8B2441328B1926500C802C8 /* Touchdown */ = {
			isa = PBXNativeTarget;
			buildConfigurationList = B8B2442228B1926800C802C8 /* Build configuration list for PBXNativeTarget "Touchdown" */;
			buildPhases = (
				B8B2441028B1926500C802C8 /* Sources */,
				B8B2441128B1926500C802C8 /* Frameworks */,
				B8B2441228B1926500C802C8 /* Resources */,
			);
			buildRules = (
			);
			dependencies = (
			);
			name = Touchdown;
			productName = Touchdown;
			productReference = B8B2441428B1926500C802C8 /* Touchdown.app */;
			productType = "com.apple.product-type.application";
		};
/* End PBXNativeTarget section */

/* Begin PBXProject section */
		B8B2440C28B1926500C802C8 /* Project object */ = {
			isa = PBXProject;
			attributes = {
				BuildIndependentTargetsInParallel = 1;
				LastSwiftUpdateCheck = 1340;
				LastUpgradeCheck = 1340;
				TargetAttributes = {
					B8B2441328B1926500C802C8 = {
						CreatedOnToolsVersion = 13.4.1;
					};
				};
			};
			buildConfigurationList = B8B2440F28B1926500C802C8 /* Build configuration list for PBXProject "Touchdown" */;
			compatibilityVersion = "Xcode 13.0";
			developmentRegion = en;
			hasScannedForEncodings = 0;
			knownRegions = (
				en,
				Base,
			);
			mainGroup = B8B2440B28B1926500C802C8;
			productRefGroup = B8B2441528B1926500C802C8 /* Products */;
			projectDirPath = "";
			projectRoot = "";
			targets = (
				B8B2441328B1926500C802C8 /* Touchdown */,
			);
		};
/* End PBXProject section */

/* Begin PBXResourcesBuildPhase section */
		B8B2441228B1926500C802C8 /* Resources */ = {
			isa = PBXResourcesBuildPhase;
			buildActionMask = 2147483647;
			files = (
				B8B2442C28B193C900C802C8 /* player.json in Resources */,
				B8B2442928B193C900C802C8 /* category.json in Resources */,
				B8B2442B28B193C900C802C8 /* brand.json in Resources */,
				B8B2442A28B193C900C802C8 /* product.json in Resources */,
				B8B2441F28B1926800C802C8 /* Preview Assets.xcassets in Resources */,
				B8B2441C28B1926800C802C8 /* Assets.xcassets in Resources */,
			);
			runOnlyForDeploymentPostprocessing = 0;
		};
/* End PBXResourcesBuildPhase section */

/* Begin PBXSourcesBuildPhase section */
		B8B2441028B1926500C802C8 /* Sources */ = {
			isa = PBXSourcesBuildPhase;
			buildActionMask = 2147483647;
			files = (
				B81920A428B2EABA004E7AE9 /* CodableBundleExtension.swift in Sources */,
				B835D86328C296A800926A43 /* HeaderDetailView.swift in Sources */,
				B85E10C028C2E9B20069563B /* TopPartDetailView.swift in Sources */,
				B8B2441A28B1926500C802C8 /* ContentView.swift in Sources */,
				B8B2443D28B1CB2100C802C8 /* LogoView.swift in Sources */,
				B8B2443928B1960900C802C8 /* FooterView.swift in Sources */,
				B81920A628B2EBC6004E7AE9 /* FeaturedItemView.swift in Sources */,
				B8C8B9B728BF329B007D7ADD /* ProductItemView.swift in Sources */,
				B85A6D8628C82B32006ABF9C /* AddToCartDetailView.swift in Sources */,
				B891A6DF28C1828A00A96CCA /* BrandGridView.swift in Sources */,
				B85A6D8228C827E6006ABF9C /* RatingsSizesDetailView.swift in Sources */,
				B8B2441828B1926500C802C8 /* TouchdownApp.swift in Sources */,
				B861AABE28C1D988001B1EAF /* ProductDetailView.swift in Sources */,
				B835D86128C2955A00926A43 /* NavigationBarDetailView.swift in Sources */,
				B8B2443728B1954D00C802C8 /* Constants.swift in Sources */,
				B8C4AAD328BC4AF3009B0B2E /* CategoryGridView.swift in Sources */,
				B8C4AACF28BC4864009B0B2E /* CategoryModel.swift in Sources */,
				B8B2443B28B19ABB00C802C8 /* NavigationBarView.swift in Sources */,
				B8C8B9B128BEC89E007D7ADD /* SectionView.swift in Sources */,
				B891A6DD28C1820C00A96CCA /* BrandItemView.swift in Sources */,
				B8C4AAD128BC4942009B0B2E /* CategoryItemView.swift in Sources */,
				B81920A828B2EC48004E7AE9 /* FeaturedTabView.swift in Sources */,
				B85E10C228C2EF2A0069563B /* CustomShape.swift in Sources */,
				B81920A228B2EA7F004E7AE9 /* PlayerModel.swift in Sources */,
				B891A6DB28C181B300A96CCA /* BrandModel.swift in Sources */,
				B8C8B9B328BF2FB1007D7ADD /* TitleView.swift in Sources */,
				B85A6D8428C829EF006ABF9C /* QuantityFavouriteDetailView.swift in Sources */,
				B8C8B9B528BF30FB007D7ADD /* ProductModel.swift in Sources */,
			);
			runOnlyForDeploymentPostprocessing = 0;
		};
/* End PBXSourcesBuildPhase section */

/* Begin XCBuildConfiguration section */
		B8B2442028B1926800C802C8 /* Debug */ = {
			isa = XCBuildConfiguration;
			buildSettings = {
				ALWAYS_SEARCH_USER_PATHS = NO;
				CLANG_ANALYZER_NONNULL = YES;
				CLANG_ANALYZER_NUMBER_OBJECT_CONVERSION = YES_AGGRESSIVE;
				CLANG_CXX_LANGUAGE_STANDARD = "gnu++17";
				CLANG_ENABLE_MODULES = YES;
				CLANG_ENABLE_OBJC_ARC = YES;
				CLANG_ENABLE_OBJC_WEAK = YES;
				CLANG_WARN_BLOCK_CAPTURE_AUTORELEASING = YES;
				CLANG_WARN_BOOL_CONVERSION = YES;
				CLANG_WARN_COMMA = YES;
				CLANG_WARN_CONSTANT_CONVERSION = YES;
				CLANG_WARN_DEPRECATED_OBJC_IMPLEMENTATIONS = YES;
				CLANG_WARN_DIRECT_OBJC_ISA_USAGE = YES_ERROR;
				CLANG_WARN_DOCUMENTATION_COMMENTS = YES;
				CLANG_WARN_EMPTY_BODY = YES;
				CLANG_WARN_ENUM_CONVERSION = YES;
				CLANG_WARN_INFINITE_RECURSION = YES;
				CLANG_WARN_INT_CONVERSION = YES;
				CLANG_WARN_NON_LITERAL_NULL_CONVERSION = YES;
				CLANG_WARN_OBJC_IMPLICIT_RETAIN_SELF = YES;
				CLANG_WARN_OBJC_LITERAL_CONVERSION = YES;
				CLANG_WARN_OBJC_ROOT_CLASS = YES_ERROR;
				CLANG_WARN_QUOTED_INCLUDE_IN_FRAMEWORK_HEADER = YES;
				CLANG_WARN_RANGE_LOOP_ANALYSIS = YES;
				CLANG_WARN_STRICT_PROTOTYPES = YES;
				CLANG_WARN_SUSPICIOUS_MOVE = YES;
				CLANG_WARN_UNGUARDED_AVAILABILITY = YES_AGGRESSIVE;
				CLANG_WARN_UNREACHABLE_CODE = YES;
				CLANG_WARN__DUPLICATE_METHOD_MATCH = YES;
				COPY_PHASE_STRIP = NO;
				DEBUG_INFORMATION_FORMAT = dwarf;
				ENABLE_STRICT_OBJC_MSGSEND = YES;
				ENABLE_TESTABILITY = YES;
				GCC_C_LANGUAGE_STANDARD = gnu11;
				GCC_DYNAMIC_NO_PIC = NO;
				GCC_NO_COMMON_BLOCKS = YES;
				GCC_OPTIMIZATION_LEVEL = 0;
				GCC_PREPROCESSOR_DEFINITIONS = (
					"DEBUG=1",
					"$(inherited)",
				);
				GCC_WARN_64_TO_32_BIT_CONVERSION = YES;
				GCC_WARN_ABOUT_RETURN_TYPE = YES_ERROR;
				GCC_WARN_UNDECLARED_SELECTOR = YES;
				GCC_WARN_UNINITIALIZED_AUTOS = YES_AGGRESSIVE;
				GCC_WARN_UNUSED_FUNCTION = YES;
				GCC_WARN_UNUSED_VARIABLE = YES;
				IPHONEOS_DEPLOYMENT_TARGET = 15.5;
				MTL_ENABLE_DEBUG_INFO = INCLUDE_SOURCE;
				MTL_FAST_MATH = YES;
				ONLY_ACTIVE_ARCH = YES;
				SDKROOT = iphoneos;
				SWIFT_ACTIVE_COMPILATION_CONDITIONS = DEBUG;
				SWIFT_OPTIMIZATION_LEVEL = "-Onone";
			};
			name = Debug;
		};
		B8B2442128B1926800C802C8 /* Release */ = {
			isa = XCBuildConfiguration;
			buildSettings = {
				ALWAYS_SEARCH_USER_PATHS = NO;
				CLANG_ANALYZER_NONNULL = YES;
				CLANG_ANALYZER_NUMBER_OBJECT_CONVERSION = YES_AGGRESSIVE;
				CLANG_CXX_LANGUAGE_STANDARD = "gnu++17";
				CLANG_ENABLE_MODULES = YES;
				CLANG_ENABLE_OBJC_ARC = YES;
				CLANG_ENABLE_OBJC_WEAK = YES;
				CLANG_WARN_BLOCK_CAPTURE_AUTORELEASING = YES;
				CLANG_WARN_BOOL_CONVERSION = YES;
				CLANG_WARN_COMMA = YES;
				CLANG_WARN_CONSTANT_CONVERSION = YES;
				CLANG_WARN_DEPRECATED_OBJC_IMPLEMENTATIONS = YES;
				CLANG_WARN_DIRECT_OBJC_ISA_USAGE = YES_ERROR;
				CLANG_WARN_DOCUMENTATION_COMMENTS = YES;
				CLANG_WARN_EMPTY_BODY = YES;
				CLANG_WARN_ENUM_CONVERSION = YES;
				CLANG_WARN_INFINITE_RECURSION = YES;
				CLANG_WARN_INT_CONVERSION = YES;
				CLANG_WARN_NON_LITERAL_NULL_CONVERSION = YES;
				CLANG_WARN_OBJC_IMPLICIT_RETAIN_SELF = YES;
				CLANG_WARN_OBJC_LITERAL_CONVERSION = YES;
				CLANG_WARN_OBJC_ROOT_CLASS = YES_ERROR;
				CLANG_WARN_QUOTED_INCLUDE_IN_FRAMEWORK_HEADER = YES;
				CLANG_WARN_RANGE_LOOP_ANALYSIS = YES;
				CLANG_WARN_STRICT_PROTOTYPES = YES;
				CLANG_WARN_SUSPICIOUS_MOVE = YES;
				CLANG_WARN_UNGUARDED_AVAILABILITY = YES_AGGRESSIVE;
				CLANG_WARN_UNREACHABLE_CODE = YES;
				CLANG_WARN__DUPLICATE_METHOD_MATCH = YES;
				COPY_PHASE_STRIP = NO;
				DEBUG_INFORMATION_FORMAT = "dwarf-with-dsym";
				ENABLE_NS_ASSERTIONS = NO;
				ENABLE_STRICT_OBJC_MSGSEND = YES;
				GCC_C_LANGUAGE_STANDARD = gnu11;
				GCC_NO_COMMON_BLOCKS = YES;
				GCC_WARN_64_TO_32_BIT_CONVERSION = YES;
				GCC_WARN_ABOUT_RETURN_TYPE = YES_ERROR;
				GCC_WARN_UNDECLARED_SELECTOR = YES;
				GCC_WARN_UNINITIALIZED_AUTOS = YES_AGGRESSIVE;
				GCC_WARN_UNUSED_FUNCTION = YES;
				GCC_WARN_UNUSED_VARIABLE = YES;
				IPHONEOS_DEPLOYMENT_TARGET = 15.5;
				MTL_ENABLE_DEBUG_INFO = NO;
				MTL_FAST_MATH = YES;
				SDKROOT = iphoneos;
				SWIFT_COMPILATION_MODE = wholemodule;
				SWIFT_OPTIMIZATION_LEVEL = "-O";
				VALIDATE_PRODUCT = YES;
			};
			name = Release;
		};
		B8B2442328B1926800C802C8 /* Debug */ = {
			isa = XCBuildConfiguration;
			buildSettings = {
				ASSETCATALOG_COMPILER_APPICON_NAME = AppIcon;
				ASSETCATALOG_COMPILER_GLOBAL_ACCENT_COLOR_NAME = AccentColor;
				CODE_SIGN_STYLE = Automatic;
				CURRENT_PROJECT_VERSION = 1;
				DEVELOPMENT_ASSET_PATHS = "\"Touchdown/Preview Content\"";
				DEVELOPMENT_TEAM = BYK3FT7TFH;
				ENABLE_PREVIEWS = YES;
				GENERATE_INFOPLIST_FILE = YES;
				INFOPLIST_FILE = Touchdown/Info.plist;
				INFOPLIST_KEY_UIApplicationSceneManifest_Generation = YES;
				INFOPLIST_KEY_UIApplicationSupportsIndirectInputEvents = YES;
				INFOPLIST_KEY_UISupportedInterfaceOrientations = UIInterfaceOrientationPortrait;
				INFOPLIST_KEY_UISupportedInterfaceOrientations_iPad = "UIInterfaceOrientationPortrait UIInterfaceOrientationPortraitUpsideDown UIInterfaceOrientationLandscapeLeft UIInterfaceOrientationLandscapeRight";
				INFOPLIST_KEY_UISupportedInterfaceOrientations_iPhone = "UIInterfaceOrientationPortrait UIInterfaceOrientationLandscapeLeft UIInterfaceOrientationLandscapeRight";
				INFOPLIST_KEY_UIUserInterfaceStyle = Light;
				LD_RUNPATH_SEARCH_PATHS = (
					"$(inherited)",
					"@executable_path/Frameworks",
				);
				MARKETING_VERSION = 1.0;
				PRODUCT_BUNDLE_IDENTIFIER = com.balice.Touchdown;
				PRODUCT_NAME = "$(TARGET_NAME)";
				SWIFT_EMIT_LOC_STRINGS = YES;
				SWIFT_VERSION = 5.0;
				TARGETED_DEVICE_FAMILY = "1,2";
			};
			name = Debug;
		};
		B8B2442428B1926800C802C8 /* Release */ = {
			isa = XCBuildConfiguration;
			buildSettings = {
				ASSETCATALOG_COMPILER_APPICON_NAME = AppIcon;
				ASSETCATALOG_COMPILER_GLOBAL_ACCENT_COLOR_NAME = AccentColor;
				CODE_SIGN_STYLE = Automatic;
				CURRENT_PROJECT_VERSION = 1;
				DEVELOPMENT_ASSET_PATHS = "\"Touchdown/Preview Content\"";
				DEVELOPMENT_TEAM = BYK3FT7TFH;
				ENABLE_PREVIEWS = YES;
				GENERATE_INFOPLIST_FILE = YES;
				INFOPLIST_FILE = Touchdown/Info.plist;
				INFOPLIST_KEY_UIApplicationSceneManifest_Generation = YES;
				INFOPLIST_KEY_UIApplicationSupportsIndirectInputEvents = YES;
				INFOPLIST_KEY_UISupportedInterfaceOrientations = UIInterfaceOrientationPortrait;
				INFOPLIST_KEY_UISupportedInterfaceOrientations_iPad = "UIInterfaceOrientationPortrait UIInterfaceOrientationPortraitUpsideDown UIInterfaceOrientationLandscapeLeft UIInterfaceOrientationLandscapeRight";
				INFOPLIST_KEY_UISupportedInterfaceOrientations_iPhone = "UIInterfaceOrientationPortrait UIInterfaceOrientationLandscapeLeft UIInterfaceOrientationLandscapeRight";
				INFOPLIST_KEY_UIUserInterfaceStyle = Light;
				LD_RUNPATH_SEARCH_PATHS = (
					"$(inherited)",
					"@executable_path/Frameworks",
				);
				MARKETING_VERSION = 1.0;
				PRODUCT_BUNDLE_IDENTIFIER = com.balice.Touchdown;
				PRODUCT_NAME = "$(TARGET_NAME)";
				SWIFT_EMIT_LOC_STRINGS = YES;
				SWIFT_VERSION = 5.0;
				TARGETED_DEVICE_FAMILY = "1,2";
			};
			name = Release;
		};
/* End XCBuildConfiguration section */

/* Begin XCConfigurationList section */
		B8B2440F28B1926500C802C8 /* Build configuration list for PBXProject "Touchdown" */ = {
			isa = XCConfigurationList;
			buildConfigurations = (
				B8B2442028B1926800C802C8 /* Debug */,
				B8B2442128B1926800C802C8 /* Release */,
			);
			defaultConfigurationIsVisible = 0;
			defaultConfigurationName = Release;
		};
		B8B2442228B1926800C802C8 /* Build configuration list for PBXNativeTarget "Touchdown" */ = {
			isa = XCConfigurationList;
			buildConfigurations = (
				B8B2442328B1926800C802C8 /* Debug */,
				B8B2442428B1926800C802C8 /* Release */,
			);
			defaultConfigurationIsVisible = 0;
			defaultConfigurationName = Release;
		};
/* End XCConfigurationList section */
	};
	rootObject = B8B2440C28B1926500C802C8 /* Project object */;
}
